
Microsoft Visual Studio Solution File, Format Version 12.00
# Visual Studio Version 17
VisualStudioVersion = 17.4.33213.308
MinimumVisualStudioVersion = 10.0.40219.1
Project("{FAE04EC0-301F-11D3-BF4B-00C04F79EFBC}") = "ASM", "ASM\ASM.csproj", "{ECC9CF6B-EEEB-47FA-98EC-4DF033D4606F}"
EndProject
Global
	GlobalSection(SolutionConfigurationPlatforms) = preSolution
		Debug|Any CPU = Debug|Any CPU
		Release|Any CPU = Release|Any CPU
	EndGlobalSection
	GlobalSection(ProjectConfigurationPlatforms) = postSolution
		{ECC9CF6B-EEEB-47FA-98EC-4DF033D4606F}.Debug|Any CPU.ActiveCfg = Debug|Any CPU
		{ECC9CF6B-EEEB-47FA-98EC-4DF033D4606F}.Debug|Any CPU.Build.0 = Debug|Any CPU
		{ECC9CF6B-EEEB-47FA-98EC-4DF033D4606F}.Release|Any CPU.ActiveCfg = Release|Any CPU
		{ECC9CF6B-EEEB-47FA-98EC-4DF033D4606F}.Release|Any CPU.Build.0 = Release|Any CPU
	EndGlobalSection
	GlobalSection(SolutionProperties) = preSolution
		HideSolutionNode = FALSE
	EndGlobalSection
	GlobalSection(ExtensibilityGlobals) = postSolution
		SolutionGuid = {DEB5F09A-EC5D-408E-8D02-911178A72962}
	EndGlobalSection
EndGlobal
